
Microsoft Visual Studio Solution File, Format Version 12.00
# Visual Studio 15
VisualStudioVersion = 15.0.28010.2036
MinimumVisualStudioVersion = 10.0.40219.1
Project("{FAE04EC0-301F-11D3-BF4B-00C04F79EFBC}") = "Perceptron", "Perceptron\Perceptron.csproj", "{9CAC4141-0532-4B4B-A0BA-B35F618B6275}"
EndProject
Global
	GlobalSection(SolutionConfigurationPlatforms) = preSolution
		Debug|Any CPU = Debug|Any CPU
		Release|Any CPU = Release|Any CPU
	EndGlobalSection
	GlobalSection(ProjectConfigurationPlatforms) = postSolution
		{9CAC4141-0532-4B4B-A0BA-B35F618B6275}.Debug|Any CPU.ActiveCfg = Debug|Any CPU
		{9CAC4141-0532-4B4B-A0BA-B35F618B6275}.Debug|Any CPU.Build.0 = Debug|Any CPU
		{9CAC4141-0532-4B4B-A0BA-B35F618B6275}.Release|Any CPU.ActiveCfg = Release|Any CPU
		{9CAC4141-0532-4B4B-A0BA-B35F618B6275}.Release|Any CPU.Build.0 = Release|Any CPU
	EndGlobalSection
	GlobalSection(SolutionProperties) = preSolution
		HideSolutionNode = FALSE
	EndGlobalSection
	GlobalSection(ExtensibilityGlobals) = postSolution
		SolutionGuid = {B20D9388-E699-4628-8BD7-4264855A8C50}
	EndGlobalSection
EndGlobal
